// !$*UTF8*$!
{
	archiveVersion = 1;
	classes = {
	};
	objectVersion = 50;
	objects = {

/* Begin PBXBuildFile section */
		CB222989284F694E000DC390 /* AppDelegate.swift in Sources */ = {isa = PBXBuildFile; fileRef = CB222988284F694E000DC390 /* AppDelegate.swift */; };
		CB22298B284F694E000DC390 /* SceneDelegate.swift in Sources */ = {isa = PBXBuildFile; fileRef = CB22298A284F694E000DC390 /* SceneDelegate.swift */; };
		CB22298D284F694E000DC390 /* ViewController.swift in Sources */ = {isa = PBXBuildFile; fileRef = CB22298C284F694E000DC390 /* ViewController.swift */; };
		CB222990284F694E000DC390 /* Main.storyboard in Resources */ = {isa = PBXBuildFile; fileRef = CB22298E284F694E000DC390 /* Main.storyboard */; };
		CB222992284F6961000DC390 /* Assets.xcassets in Resources */ = {isa = PBXBuildFile; fileRef = CB222991284F6961000DC390 /* Assets.xcassets */; };
		CB222995284F6961000DC390 /* LaunchScreen.storyboard in Resources */ = {isa = PBXBuildFile; fileRef = CB222993284F6961000DC390 /* LaunchScreen.storyboard */; };
		CB22299E284F69A0000DC390 /* WeatherGetter.swift in Sources */ = {isa = PBXBuildFile; fileRef = CB22299D284F69A0000DC390 /* WeatherGetter.swift */; };
		CB2229A1284F6EE1000DC390 /* WeatherGetterDelegate.swift in Sources */ = {isa = PBXBuildFile; fileRef = CB2229A0284F6EE1000DC390 /* WeatherGetterDelegate.swift */; };
		CB2229A4284F6F86000DC390 /* Weather.swift in Sources */ = {isa = PBXBuildFile; fileRef = CB2229A3284F6F86000DC390 /* Weather.swift */; };
/* End PBXBuildFile section */

/* Begin PBXFileReference section */
		CB222985284F694E000DC390 /* example7.app */ = {isa = PBXFileReference; explicitFileType = wrapper.application; includeInIndex = 0; path = example7.app; sourceTree = BUILT_PRODUCTS_DIR; };
		CB222988284F694E000DC390 /* AppDelegate.swift */ = {isa = PBXFileReference; lastKnownFileType = sourcecode.swift; path = AppDelegate.swift; sourceTree = "<group>"; };
		CB22298A284F694E000DC390 /* SceneDelegate.swift */ = {isa = PBXFileReference; lastKnownFileType = sourcecode.swift; path = SceneDelegate.swift; sourceTree = "<group>"; };
		CB22298C284F694E000DC390 /* ViewController.swift */ = {isa = PBXFileReference; lastKnownFileType = sourcecode.swift; path = ViewController.swift; sourceTree = "<group>"; };
		CB22298F284F694E000DC390 /* Base */ = {isa = PBXFileReference; lastKnownFileType = file.storyboard; name = Base; path = Base.lproj/Main.storyboard; sourceTree = "<group>"; };
		CB222991284F6961000DC390 /* Assets.xcassets */ = {isa = PBXFileReference; lastKnownFileType = folder.assetcatalog; path = Assets.xcassets; sourceTree = "<group>"; };
		CB222994284F6961000DC390 /* Base */ = {isa = PBXFileReference; lastKnownFileType = file.storyboard; name = Base; path = Base.lproj/LaunchScreen.storyboard; sourceTree = "<group>"; };
		CB222996284F6961000DC390 /* Info.plist */ = {isa = PBXFileReference; lastKnownFileType = text.plist.xml; path = Info.plist; sourceTree = "<group>"; };
		CB22299D284F69A0000DC390 /* WeatherGetter.swift */ = {isa = PBXFileReference; lastKnownFileType = sourcecode.swift; path = WeatherGetter.swift; sourceTree = "<group>"; };
		CB2229A0284F6EE1000DC390 /* WeatherGetterDelegate.swift */ = {isa = PBXFileReference; lastKnownFileType = sourcecode.swift; path = WeatherGetterDelegate.swift; sourceTree = "<group>"; };
		CB2229A3284F6F86000DC390 /* Weather.swift */ = {isa = PBXFileReference; lastKnownFileType = sourcecode.swift; path = Weather.swift; sourceTree = "<group>"; };
/* End PBXFileReference section */

/* Begin PBXFrameworksBuildPhase section */
		CB222982284F694E000DC390 /* Frameworks */ = {
			isa = PBXFrameworksBuildPhase;
			buildActionMask = 2147483647;
			files = (
			);
			runOnlyForDeploymentPostprocessing = 0;
		};
/* End PBXFrameworksBuildPhase section */

/* Begin PBXGroup section */
		CB22297C284F694E000DC390 = {
			isa = PBXGroup;
			children = (
				CB2229A3284F6F86000DC390 /* Weather.swift */,
				CB2229A0284F6EE1000DC390 /* WeatherGetterDelegate.swift */,
				CB22299D284F69A0000DC390 /* WeatherGetter.swift */,
				CB222987284F694E000DC390 /* example7 */,
				CB222986284F694E000DC390 /* Products */,
			);
			sourceTree = "<group>";
		};
		CB222986284F694E000DC390 /* Products */ = {
			isa = PBXGroup;
			children = (
				CB222985284F694E000DC390 /* example7.app */,
			);
			name = Products;
			sourceTree = "<group>";
		};
		CB222987284F694E000DC390 /* example7 */ = {
			isa = PBXGroup;
			children = (
				CB222988284F694E000DC390 /* AppDelegate.swift */,
				CB22298A284F694E000DC390 /* SceneDelegate.swift */,
				CB22298C284F694E000DC390 /* ViewController.swift */,
				CB22298E284F694E000DC390 /* Main.storyboard */,
				CB222991284F6961000DC390 /* Assets.xcassets */,
				CB222993284F6961000DC390 /* LaunchScreen.storyboard */,
				CB222996284F6961000DC390 /* Info.plist */,
			);
			path = example7;
			sourceTree = "<group>";
		};
/* End PBXGroup section */

/* Begin PBXNativeTarget section */
		CB222984284F694E000DC390 /* example7 */ = {
			isa = PBXNativeTarget;
			buildConfigurationList = CB222999284F6961000DC390 /* Build configuration list for PBXNativeTarget "example7" */;
			buildPhases = (
				CB222981284F694E000DC390 /* Sources */,
				CB222982284F694E000DC390 /* Frameworks */,
				CB222983284F694E000DC390 /* Resources */,
			);
			buildRules = (
			);
			dependencies = (
			);
			name = example7;
			productName = example7;
			productReference = CB222985284F694E000DC390 /* example7.app */;
			productType = "com.apple.product-type.application";
		};
/* End PBXNativeTarget section */

/* Begin PBXProject section */
		CB22297D284F694E000DC390 /* Project object */ = {
			isa = PBXProject;
			attributes = {
				LastSwiftUpdateCheck = 1240;
				LastUpgradeCheck = 1240;
				TargetAttributes = {
					CB222984284F694E000DC390 = {
						CreatedOnToolsVersion = 12.4;
					};
				};
			};
			buildConfigurationList = CB222980284F694E000DC390 /* Build configuration list for PBXProject "example7" */;
			compatibilityVersion = "Xcode 9.3";
			developmentRegion = en;
			hasScannedForEncodings = 0;
			knownRegions = (
				en,
				Base,
			);
			mainGroup = CB22297C284F694E000DC390;
			productRefGroup = CB222986284F694E000DC390 /* Products */;
			projectDirPath = "";
			projectRoot = "";
			targets = (
				CB222984284F694E000DC390 /* example7 */,
			);
		};
/* End PBXProject section */

/* Begin PBXResourcesBuildPhase section */
		CB222983284F694E000DC390 /* Resources */ = {
			isa = PBXResourcesBuildPhase;
			buildActionMask = 2147483647;
			files = (
				CB222995284F6961000DC390 /* LaunchScreen.storyboard in Resources */,
				CB222992284F6961000DC390 /* Assets.xcassets in Resources */,
				CB222990284F694E000DC390 /* Main.storyboard in Resources */,
			);
			runOnlyForDeploymentPostprocessing = 0;
		};
/* End PBXResourcesBuildPhase section */

/* Begin PBXSourcesBuildPhase section */
		CB222981284F694E000DC390 /* Sources */ = {
			isa = PBXSourcesBuildPhase;
			buildActionMask = 2147483647;
			files = (
				CB2229A1284F6EE1000DC390 /* WeatherGetterDelegate.swift in Sources */,
				CB22298D284F694E000DC390 /* ViewController.swift in Sources */,
				CB22299E284F69A0000DC390 /* WeatherGetter.swift in Sources */,
				CB222989284F694E000DC390 /* AppDelegate.swift in Sources */,
				CB2229A4284F6F86000DC390 /* Weather.swift in Sources */,
				CB22298B284F694E000DC390 /* SceneDelegate.swift in Sources */,
			);
			runOnlyForDeploymentPostprocessing = 0;
		};
/* End PBXSourcesBuildPhase section */

/* Begin PBXVariantGroup section */
		CB22298E284F694E000DC390 /* Main.storyboard */ = {
			isa = PBXVariantGroup;
			children = (
				CB22298F284F694E000DC390 /* Base */,
			);
			name = Main.storyboard;
			sourceTree = "<group>";
		};
		CB222993284F6961000DC390 /* LaunchScreen.storyboard */ = {
			isa = PBXVariantGroup;
			children = (
				CB222994284F6961000DC390 /* Base */,
			);
			name = LaunchScreen.storyboard;
			sourceTree = "<group>";
		};
/* End PBXVariantGroup section */

/* Begin XCBuildConfiguration section */
		CB222997284F6961000DC390 /* Debug */ = {
			isa = XCBuildConfiguration;
			buildSettings = {
				ALWAYS_SEARCH_USER_PATHS = NO;
				CLANG_ANALYZER_NONNULL = YES;
				CLANG_ANALYZER_NUMBER_OBJECT_CONVERSION = YES_AGGRESSIVE;
				CLANG_CXX_LANGUAGE_STANDARD = "gnu++14";
				CLANG_CXX_LIBRARY = "libc++";
				CLANG_ENABLE_MODULES = YES;
				CLANG_ENABLE_OBJC_ARC = YES;
				CLANG_ENABLE_OBJC_WEAK = YES;
				CLANG_WARN_BLOCK_CAPTURE_AUTORELEASING = YES;
				CLANG_WARN_BOOL_CONVERSION = YES;
				CLANG_WARN_COMMA = YES;
				CLANG_WARN_CONSTANT_CONVERSION = YES;
				CLANG_WARN_DEPRECATED_OBJC_IMPLEMENTATIONS = YES;
				CLANG_WARN_DIRECT_OBJC_ISA_USAGE = YES_ERROR;
				CLANG_WARN_DOCUMENTATION_COMMENTS = YES;
				CLANG_WARN_EMPTY_BODY = YES;
				CLANG_WARN_ENUM_CONVERSION = YES;
				CLANG_WARN_INFINITE_RECURSION = YES;
				CLANG_WARN_INT_CONVERSION = YES;
				CLANG_WARN_NON_LITERAL_NULL_CONVERSION = YES;
				CLANG_WARN_OBJC_IMPLICIT_RETAIN_SELF = YES;
				CLANG_WARN_OBJC_LITERAL_CONVERSION = YES;
				CLANG_WARN_OBJC_ROOT_CLASS = YES_ERROR;
				CLANG_WARN_QUOTED_INCLUDE_IN_FRAMEWORK_HEADER = YES;
				CLANG_WARN_RANGE_LOOP_ANALYSIS = YES;
				CLANG_WARN_STRICT_PROTOTYPES = YES;
				CLANG_WARN_SUSPICIOUS_MOVE = YES;
				CLANG_WARN_UNGUARDED_AVAILABILITY = YES_AGGRESSIVE;
				CLANG_WARN_UNREACHABLE_CODE = YES;
				CLANG_WARN__DUPLICATE_METHOD_MATCH = YES;
				COPY_PHASE_STRIP = NO;
				DEBUG_INFORMATION_FORMAT = dwarf;
				ENABLE_STRICT_OBJC_MSGSEND = YES;
				ENABLE_TESTABILITY = YES;
				GCC_C_LANGUAGE_STANDARD = gnu11;
				GCC_DYNAMIC_NO_PIC = NO;
				GCC_NO_COMMON_BLOCKS = YES;
				GCC_OPTIMIZATION_LEVEL = 0;
				GCC_PREPROCESSOR_DEFINITIONS = (
					"DEBUG=1",
					"$(inherited)",
				);
				GCC_WARN_64_TO_32_BIT_CONVERSION = YES;
				GCC_WARN_ABOUT_RETURN_TYPE = YES_ERROR;
				GCC_WARN_UNDECLARED_SELECTOR = YES;
				GCC_WARN_UNINITIALIZED_AUTOS = YES_AGGRESSIVE;
				GCC_WARN_UNUSED_FUNCTION = YES;
				GCC_WARN_UNUSED_VARIABLE = YES;
				IPHONEOS_DEPLOYMENT_TARGET = 14.4;
				MTL_ENABLE_DEBUG_INFO = INCLUDE_SOURCE;
				MTL_FAST_MATH = YES;
				ONLY_ACTIVE_ARCH = YES;
				SDKROOT = iphoneos;
				SWIFT_ACTIVE_COMPILATION_CONDITIONS = DEBUG;
				SWIFT_OPTIMIZATION_LEVEL = "-Onone";
			};
			name = Debug;
		};
		CB222998284F6961000DC390 /* Release */ = {
			isa = XCBuildConfiguration;
			buildSettings = {
				ALWAYS_SEARCH_USER_PATHS = NO;
				CLANG_ANALYZER_NONNULL = YES;
				CLANG_ANALYZER_NUMBER_OBJECT_CONVERSION = YES_AGGRESSIVE;
				CLANG_CXX_LANGUAGE_STANDARD = "gnu++14";
				CLANG_CXX_LIBRARY = "libc++";
				CLANG_ENABLE_MODULES = YES;
				CLANG_ENABLE_OBJC_ARC = YES;
				CLANG_ENABLE_OBJC_WEAK = YES;
				CLANG_WARN_BLOCK_CAPTURE_AUTORELEASING = YES;
				CLANG_WARN_BOOL_CONVERSION = YES;
				CLANG_WARN_COMMA = YES;
				CLANG_WARN_CONSTANT_CONVERSION = YES;
				CLANG_WARN_DEPRECATED_OBJC_IMPLEMENTATIONS = YES;
				CLANG_WARN_DIRECT_OBJC_ISA_USAGE = YES_ERROR;
				CLANG_WARN_DOCUMENTATION_COMMENTS = YES;
				CLANG_WARN_EMPTY_BODY = YES;
				CLANG_WARN_ENUM_CONVERSION = YES;
				CLANG_WARN_INFINITE_RECURSION = YES;
				CLANG_WARN_INT_CONVERSION = YES;
				CLANG_WARN_NON_LITERAL_NULL_CONVERSION = YES;
				CLANG_WARN_OBJC_IMPLICIT_RETAIN_SELF = YES;
				CLANG_WARN_OBJC_LITERAL_CONVERSION = YES;
				CLANG_WARN_OBJC_ROOT_CLASS = YES_ERROR;
				CLANG_WARN_QUOTED_INCLUDE_IN_FRAMEWORK_HEADER = YES;
				CLANG_WARN_RANGE_LOOP_ANALYSIS = YES;
				CLANG_WARN_STRICT_PROTOTYPES = YES;
				CLANG_WARN_SUSPICIOUS_MOVE = YES;
				CLANG_WARN_UNGUARDED_AVAILABILITY = YES_AGGRESSIVE;
				CLANG_WARN_UNREACHABLE_CODE = YES;
				CLANG_WARN__DUPLICATE_METHOD_MATCH = YES;
				COPY_PHASE_STRIP = NO;
				DEBUG_INFORMATION_FORMAT = "dwarf-with-dsym";
				ENABLE_NS_ASSERTIONS = NO;
				ENABLE_STRICT_OBJC_MSGSEND = YES;
				GCC_C_LANGUAGE_STANDARD = gnu11;
				GCC_NO_COMMON_BLOCKS = YES;
				GCC_WARN_64_TO_32_BIT_CONVERSION = YES;
				GCC_WARN_ABOUT_RETURN_TYPE = YES_ERROR;
				GCC_WARN_UNDECLARED_SELECTOR = YES;
				GCC_WARN_UNINITIALIZED_AUTOS = YES_AGGRESSIVE;
				GCC_WARN_UNUSED_FUNCTION = YES;
				GCC_WARN_UNUSED_VARIABLE = YES;
				IPHONEOS_DEPLOYMENT_TARGET = 14.4;
				MTL_ENABLE_DEBUG_INFO = NO;
				MTL_FAST_MATH = YES;
				SDKROOT = iphoneos;
				SWIFT_COMPILATION_MODE = wholemodule;
				SWIFT_OPTIMIZATION_LEVEL = "-O";
				VALIDATE_PRODUCT = YES;
			};
			name = Release;
		};
		CB22299A284F6961000DC390 /* Debug */ = {
			isa = XCBuildConfiguration;
			buildSettings = {
				ASSETCATALOG_COMPILER_APPICON_NAME = AppIcon;
				ASSETCATALOG_COMPILER_GLOBAL_ACCENT_COLOR_NAME = AccentColor;
				CODE_SIGN_STYLE = Automatic;
				INFOPLIST_FILE = example7/Info.plist;
				LD_RUNPATH_SEARCH_PATHS = (
					"$(inherited)",
					"@executable_path/Frameworks",
				);
				PRODUCT_BUNDLE_IDENTIFIER = alex.example7;
				PRODUCT_NAME = "$(TARGET_NAME)";
				SWIFT_VERSION = 5.0;
				TARGETED_DEVICE_FAMILY = "1,2";
			};
			name = Debug;
		};
		CB22299B284F6961000DC390 /* Release */ = {
			isa = XCBuildConfiguration;
			buildSettings = {
				ASSETCATALOG_COMPILER_APPICON_NAME = AppIcon;
				ASSETCATALOG_COMPILER_GLOBAL_ACCENT_COLOR_NAME = AccentColor;
				CODE_SIGN_STYLE = Automatic;
				INFOPLIST_FILE = example7/Info.plist;
				LD_RUNPATH_SEARCH_PATHS = (
					"$(inherited)",
					"@executable_path/Frameworks",
				);
				PRODUCT_BUNDLE_IDENTIFIER = alex.example7;
				PRODUCT_NAME = "$(TARGET_NAME)";
				SWIFT_VERSION = 5.0;
				TARGETED_DEVICE_FAMILY = "1,2";
			};
			name = Release;
		};
/* End XCBuildConfiguration section */

/* Begin XCConfigurationList section */
		CB222980284F694E000DC390 /* Build configuration list for PBXProject "example7" */ = {
			isa = XCConfigurationList;
			buildConfigurations = (
				CB222997284F6961000DC390 /* Debug */,
				CB222998284F6961000DC390 /* Release */,
			);
			defaultConfigurationIsVisible = 0;
			defaultConfigurationName = Release;
		};
		CB222999284F6961000DC390 /* Build configuration list for PBXNativeTarget "example7" */ = {
			isa = XCConfigurationList;
			buildConfigurations = (
				CB22299A284F6961000DC390 /* Debug */,
				CB22299B284F6961000DC390 /* Release */,
			);
			defaultConfigurationIsVisible = 0;
			defaultConfigurationName = Release;
		};
/* End XCConfigurationList section */
	};
	rootObject = CB22297D284F694E000DC390 /* Project object */;
}
